<?xml version="1.0" encoding="utf-8"?>
<Project ToolsVersion="4.0" xmlns="http://schemas.microsoft.com/developer/msbuild/2003">
  <ItemGroup>
    <ClCompile Include="pch.cpp">
      <Filter>Build Files</Filter>
    </ClCompile>
    <ClCompile Include="Scene.cpp">
      <Filter>Main\Scene</Filter>
    </ClCompile>
    <ClCompile Include="LoadingScene.cpp">
      <Filter>Scenes\Loading Scene</Filter>
    </ClCompile>
    <ClCompile Include="Resources.cpp">
      <Filter>Main\Resources</Filter>
    </ClCompile>
    <ClCompile Include="GameScene.cpp">
      <Filter>Scenes\Game Scene</Filter>
    </ClCompile>
    <ClCompile Include="BackgroundScene.cpp">
      <Filter>Scenes\Background Scene</Filter>
    </ClCompile>
    <ClCompile Include="Maze.cpp">
      <Filter>Maze</Filter>
    </ClCompile>
    <ClCompile Include="MazeGeneration.cpp">
      <Filter>Maze</Filter>
    </ClCompile>
    <ClCompile Include="Player.cpp">
      <Filter>Objects\Player</Filter>
    </ClCompile>
    <ClCompile Include="PlayerControls.cpp">
      <Filter>Objects\Player</Filter>
    </ClCompile>
    <ClCompile Include="Utility.cpp">
      <Filter>Utility</Filter>
    </ClCompile>
    <ClCompile Include="Constants.cpp">
      <Filter>Utility</Filter>
    </ClCompile>
    <ClCompile Include="Color.cpp">
      <Filter>Utility</Filter>
    </ClCompile>
    <ClCompile Include="Platform.cpp">
      <Filter>Utility</Filter>
    </ClCompile>
    <ClCompile Include="Bullet.cpp">
      <Filter>Objects\Bullet</Filter>
    </ClCompile>
    <ClCompile Include="IntroScene.cpp">
      <Filter>Scenes\Intro Scene</Filter>
    </ClCompile>
    <ClCompile Include="GameObject.cpp">
      <Filter>Scenes\Game Scene</Filter>
    </ClCompile>
    <ClCompile Include="Light.cpp">
      <Filter>Objects\Light</Filter>
    </ClCompile>
    <ClCompile Include="PreviewExpiredScene.cpp">
      <Filter>Scenes\Preview Expired Scene</Filter>
    </ClCompile>
    <ClCompile Include="Trial.cpp">
      <Filter>Utility</Filter>
    </ClCompile>
    <ClCompile Include="MenuScene.cpp">
      <Filter>Scenes\Menu Scene</Filter>
    </ClCompile>
    <ClCompile Include="Menu.cpp">
      <Filter>Scenes\Menu Scene</Filter>
    </ClCompile>
    <ClCompile Include="MenuContent.cpp">
      <Filter>Scenes\Menu Scene</Filter>
    </ClCompile>
    <ClCompile Include="Window.cpp">
      <Filter>Utility</Filter>
    </ClCompile>
    <ClCompile Include="Transition.cpp">
      <Filter>Scenes\Transition Scene</Filter>
    </ClCompile>
    <ClCompile Include="DaveTanks.cpp" />
    <ClCompile Include="PowerupEntity.cpp">
      <Filter>Objects\Powerup Entity</Filter>
    </ClCompile>
    <ClCompile Include="Powerup.cpp">
      <Filter>Powerups</Filter>
    </ClCompile>
    <ClCompile Include="SpeedPowerup.cpp">
      <Filter>Powerups\Speed</Filter>
    </ClCompile>
    <ClCompile Include="RapidFirePowerup.cpp">
      <Filter>Powerups\RapidFire</Filter>
    </ClCompile>
    <ClCompile Include="LargeBullet.cpp">
      <Filter>Powerups\LargeBullet</Filter>
    </ClCompile>
    <ClCompile Include="LargeBulletPowerup.cpp">
      <Filter>Powerups\LargeBullet</Filter>
    </ClCompile>
    <ClCompile Include="TankChooseMenuScene.cpp">
      <Filter>Scenes\Tank Menu Scene</Filter>
    </ClCompile>
    <ClCompile Include="Config.cpp">
      <Filter>Utility</Filter>
    </ClCompile>
  </ItemGroup>
  <ItemGroup>
    <Filter Include="Build Files">
      <UniqueIdentifier>{4141887a-ba02-4477-8f50-5dd0437ead35}</UniqueIdentifier>
    </Filter>
    <Filter Include="Main">
      <UniqueIdentifier>{16a80d43-ba77-4467-bc78-e9256818d0ae}</UniqueIdentifier>
    </Filter>
    <Filter Include="Scenes">
      <UniqueIdentifier>{ccc6994e-c38c-4fef-8bc5-710efaecfdc3}</UniqueIdentifier>
    </Filter>
    <Filter Include="Scenes\Loading Scene">
      <UniqueIdentifier>{d33dfce5-4d15-4739-8168-9f9aa787dba5}</UniqueIdentifier>
    </Filter>
    <Filter Include="Main\Resources">
      <UniqueIdentifier>{a87e5c6f-f4c6-4886-b912-8f73396b70ab}</UniqueIdentifier>
    </Filter>
    <Filter Include="Main\Scene">
      <UniqueIdentifier>{ba3fd23b-531b-4e7f-8d0c-fae47a54e1c1}</UniqueIdentifier>
    </Filter>
    <Filter Include="Scenes\Game Scene">
      <UniqueIdentifier>{454c9407-b772-469d-bc76-3e1886238ca3}</UniqueIdentifier>
    </Filter>
    <Filter Include="Scenes\Background Scene">
      <UniqueIdentifier>{13e1007c-8da6-4945-8bf4-3f4d97f63563}</UniqueIdentifier>
    </Filter>
    <Filter Include="Maze">
      <UniqueIdentifier>{e21521e8-8ae6-42fb-85f4-880db9fe7888}</UniqueIdentifier>
    </Filter>
    <Filter Include="Utility">
      <UniqueIdentifier>{98f7047e-f90d-46e7-9b08-d874ac1305bc}</UniqueIdentifier>
    </Filter>
    <Filter Include="Objects">
      <UniqueIdentifier>{47f7174d-1a63-4798-b708-149e30f9f299}</UniqueIdentifier>
    </Filter>
    <Filter Include="Objects\Bullet">
      <UniqueIdentifier>{d379aa95-75f7-4077-96ed-ab90bd860ada}</UniqueIdentifier>
    </Filter>
    <Filter Include="Objects\Player">
      <UniqueIdentifier>{2a08a5ec-d85b-4ce3-8ae8-1ed39ab89800}</UniqueIdentifier>
    </Filter>
    <Filter Include="Objects\Light">
      <UniqueIdentifier>{c3de3ecf-4592-45f6-b898-b66d2a885329}</UniqueIdentifier>
    </Filter>
    <Filter Include="Scenes\Preview Expired Scene">
      <UniqueIdentifier>{90a17f28-d705-4f4a-bb69-4d20c52da7e1}</UniqueIdentifier>
    </Filter>
    <Filter Include="Scenes\Intro Scene">
      <UniqueIdentifier>{4bbf0de7-b0ef-4710-a590-6c1aa890f301}</UniqueIdentifier>
    </Filter>
    <Filter Include="Scenes\Menu Scene">
      <UniqueIdentifier>{2935350e-af52-42a8-a2db-3bff2b9b51e5}</UniqueIdentifier>
    </Filter>
    <Filter Include="Scenes\Transition Scene">
      <UniqueIdentifier>{983c1f21-0da9-47da-bd4c-4abb8cb38c50}</UniqueIdentifier>
    </Filter>
    <Filter Include="Objects\Powerup Entity">
      <UniqueIdentifier>{5d978a5a-e85b-4fc2-8f40-dd65c5dec27d}</UniqueIdentifier>
    </Filter>
    <Filter Include="Powerups">
      <UniqueIdentifier>{b98c4e86-00d2-45ee-ad08-1c421615bb2a}</UniqueIdentifier>
    </Filter>
    <Filter Include="Powerups\Speed">
      <UniqueIdentifier>{2f05957e-30b9-48a0-8bc4-ef64b83510cb}</UniqueIdentifier>
    </Filter>
    <Filter Include="Powerups\RapidFire">
      <UniqueIdentifier>{2fac2265-06b2-4868-a36b-fc803100970b}</UniqueIdentifier>
    </Filter>
    <Filter Include="Powerups\LargeBullet">
      <UniqueIdentifier>{9d839e75-36fa-4349-b0dd-364190b3934f}</UniqueIdentifier>
    </Filter>
    <Filter Include="Scenes\Tank Menu Scene">
      <UniqueIdentifier>{6b193501-4d3f-42cc-b3de-856512538eeb}</UniqueIdentifier>
    </Filter>
  </ItemGroup>
  <ItemGroup>
    <ClInclude Include="pch.h">
      <Filter>Build Files</Filter>
    </ClInclude>
    <ClInclude Include="Scene.h">
      <Filter>Main\Scene</Filter>
    </ClInclude>
    <ClInclude Include="LoadingScene.h">
      <Filter>Scenes\Loading Scene</Filter>
    </ClInclude>
    <ClInclude Include="Resources.h">
      <Filter>Main\Resources</Filter>
    </ClInclude>
    <ClInclude Include="GameScene.h">
      <Filter>Scenes\Game Scene</Filter>
    </ClInclude>
    <ClInclude Include="BackgroundScene.h">
      <Filter>Scenes\Background Scene</Filter>
    </ClInclude>
    <ClInclude Include="Maze.h">
      <Filter>Maze</Filter>
    </ClInclude>
    <ClInclude Include="MazeGeneration.h">
      <Filter>Maze</Filter>
    </ClInclude>
    <ClInclude Include="PlayerControls.h">
      <Filter>Objects\Player</Filter>
    </ClInclude>
    <ClInclude Include="Player.h">
      <Filter>Objects\Player</Filter>
    </ClInclude>
    <ClInclude Include="Utility.h">
      <Filter>Utility</Filter>
    </ClInclude>
    <ClInclude Include="Constants.h">
      <Filter>Utility</Filter>
    </ClInclude>
    <ClInclude Include="Color.h">
      <Filter>Utility</Filter>
    </ClInclude>
    <ClInclude Include="Platform.h">
      <Filter>Utility</Filter>
    </ClInclude>
    <ClInclude Include="Bullet.h">
      <Filter>Objects\Bullet</Filter>
    </ClInclude>
    <ClInclude Include="IntroScene.h">
      <Filter>Scenes\Intro Scene</Filter>
    </ClInclude>
    <ClInclude Include="GameObject.h">
      <Filter>Scenes\Game Scene</Filter>
    </ClInclude>
    <ClInclude Include="Light.h">
      <Filter>Objects\Light</Filter>
    </ClInclude>
    <ClInclude Include="PreviewExpiredScene.h">
      <Filter>Scenes\Preview Expired Scene</Filter>
    </ClInclude>
    <ClInclude Include="Trial.h">
      <Filter>Utility</Filter>
    </ClInclude>
    <ClInclude Include="MenuScene.h">
      <Filter>Scenes\Menu Scene</Filter>
    </ClInclude>
    <ClInclude Include="Menu.h">
      <Filter>Scenes\Menu Scene</Filter>
    </ClInclude>
    <ClInclude Include="MenuContent.h">
      <Filter>Scenes\Menu Scene</Filter>
    </ClInclude>
    <ClInclude Include="Window.h">
      <Filter>Utility</Filter>
    </ClInclude>
    <ClInclude Include="Transition.h">
      <Filter>Scenes\Transition Scene</Filter>
    </ClInclude>
    <ClInclude Include="PowerupEntity.h">
      <Filter>Objects\Powerup Entity</Filter>
    </ClInclude>
    <ClInclude Include="Powerup.h">
      <Filter>Powerups</Filter>
    </ClInclude>
    <ClInclude Include="SpeedPowerup.h">
      <Filter>Powerups\Speed</Filter>
    </ClInclude>
    <ClInclude Include="RapidFirePowerup.h">
      <Filter>Powerups\RapidFire</Filter>
    </ClInclude>
    <ClInclude Include="LargeBulletPowerup.h">
      <Filter>Powerups\LargeBullet</Filter>
    </ClInclude>
    <ClInclude Include="LargeBullet.h">
      <Filter>Powerups\LargeBullet</Filter>
    </ClInclude>
    <ClInclude Include="TankChooseMenuScene.h">
      <Filter>Scenes\Tank Menu Scene</Filter>
    </ClInclude>
    <ClInclude Include="Config.h">
      <Filter>Utility</Filter>
    </ClInclude>
  </ItemGroup>
</Project>